// !$*UTF8*$!
{
	archiveVersion = 1;
	classes = {
	};
	objectVersion = 48;
	objects = {

/* Begin PBXBuildFile section */
		02FC53CB206091A1005368C0 /* AppDelegate.swift in Sources */ = {isa = PBXBuildFile; fileRef = 02FC53CA206091A1005368C0 /* AppDelegate.swift */; };
		02FC53CD206091A1005368C0 /* ViewController.swift in Sources */ = {isa = PBXBuildFile; fileRef = 02FC53CC206091A1005368C0 /* ViewController.swift */; };
		02FC53D0206091A1005368C0 /* Main.storyboard in Resources */ = {isa = PBXBuildFile; fileRef = 02FC53CE206091A1005368C0 /* Main.storyboard */; };
		02FC53D2206091A1005368C0 /* Assets.xcassets in Resources */ = {isa = PBXBuildFile; fileRef = 02FC53D1206091A1005368C0 /* Assets.xcassets */; };
		02FC53D5206091A1005368C0 /* LaunchScreen.storyboard in Resources */ = {isa = PBXBuildFile; fileRef = 02FC53D3206091A1005368C0 /* LaunchScreen.storyboard */; };
		02FC53E0206091A2005368C0 /* HexGridTests.swift in Sources */ = {isa = PBXBuildFile; fileRef = 02FC53DF206091A2005368C0 /* HexGridTests.swift */; };
		02FC53EB206091A2005368C0 /* HexGridUITests.swift in Sources */ = {isa = PBXBuildFile; fileRef = 02FC53EA206091A2005368C0 /* HexGridUITests.swift */; };
/* End PBXBuildFile section */

/* Begin PBXContainerItemProxy section */
		02FC53DC206091A2005368C0 /* PBXContainerItemProxy */ = {
			isa = PBXContainerItemProxy;
			containerPortal = 02FC53BF206091A1005368C0 /* Project object */;
			proxyType = 1;
			remoteGlobalIDString = 02FC53C6206091A1005368C0;
			remoteInfo = HexGrid;
		};
		02FC53E7206091A2005368C0 /* PBXContainerItemProxy */ = {
			isa = PBXContainerItemProxy;
			containerPortal = 02FC53BF206091A1005368C0 /* Project object */;
			proxyType = 1;
			remoteGlobalIDString = 02FC53C6206091A1005368C0;
			remoteInfo = HexGrid;
		};
/* End PBXContainerItemProxy section */

/* Begin PBXFileReference section */
		02FC53C7206091A1005368C0 /* HexGrid.app */ = {isa = PBXFileReference; explicitFileType = wrapper.application; includeInIndex = 0; path = HexGrid.app; sourceTree = BUILT_PRODUCTS_DIR; };
		02FC53CA206091A1005368C0 /* AppDelegate.swift */ = {isa = PBXFileReference; lastKnownFileType = sourcecode.swift; path = AppDelegate.swift; sourceTree = "<group>"; };
		02FC53CC206091A1005368C0 /* ViewController.swift */ = {isa = PBXFileReference; lastKnownFileType = sourcecode.swift; path = ViewController.swift; sourceTree = "<group>"; };
		02FC53CF206091A1005368C0 /* Base */ = {isa = PBXFileReference; lastKnownFileType = file.storyboard; name = Base; path = Base.lproj/Main.storyboard; sourceTree = "<group>"; };
		02FC53D1206091A1005368C0 /* Assets.xcassets */ = {isa = PBXFileReference; lastKnownFileType = folder.assetcatalog; path = Assets.xcassets; sourceTree = "<group>"; };
		02FC53D4206091A1005368C0 /* Base */ = {isa = PBXFileReference; lastKnownFileType = file.storyboard; name = Base; path = Base.lproj/LaunchScreen.storyboard; sourceTree = "<group>"; };
		02FC53D6206091A1005368C0 /* Info.plist */ = {isa = PBXFileReference; lastKnownFileType = text.plist.xml; path = Info.plist; sourceTree = "<group>"; };
		02FC53DB206091A2005368C0 /* HexGridTests.xctest */ = {isa = PBXFileReference; explicitFileType = wrapper.cfbundle; includeInIndex = 0; path = HexGridTests.xctest; sourceTree = BUILT_PRODUCTS_DIR; };
		02FC53DF206091A2005368C0 /* HexGridTests.swift */ = {isa = PBXFileReference; lastKnownFileType = sourcecode.swift; path = HexGridTests.swift; sourceTree = "<group>"; };
		02FC53E1206091A2005368C0 /* Info.plist */ = {isa = PBXFileReference; lastKnownFileType = text.plist.xml; path = Info.plist; sourceTree = "<group>"; };
		02FC53E6206091A2005368C0 /* HexGridUITests.xctest */ = {isa = PBXFileReference; explicitFileType = wrapper.cfbundle; includeInIndex = 0; path = HexGridUITests.xctest; sourceTree = BUILT_PRODUCTS_DIR; };
		02FC53EA206091A2005368C0 /* HexGridUITests.swift */ = {isa = PBXFileReference; lastKnownFileType = sourcecode.swift; path = HexGridUITests.swift; sourceTree = "<group>"; };
		02FC53EC206091A2005368C0 /* Info.plist */ = {isa = PBXFileReference; lastKnownFileType = text.plist.xml; path = Info.plist; sourceTree = "<group>"; };
/* End PBXFileReference section */

/* Begin PBXFrameworksBuildPhase section */
		02FC53C4206091A1005368C0 /* Frameworks */ = {
			isa = PBXFrameworksBuildPhase;
			buildActionMask = 2147483647;
			files = (
			);
			runOnlyForDeploymentPostprocessing = 0;
		};
		02FC53D8206091A2005368C0 /* Frameworks */ = {
			isa = PBXFrameworksBuildPhase;
			buildActionMask = 2147483647;
			files = (
			);
			runOnlyForDeploymentPostprocessing = 0;
		};
		02FC53E3206091A2005368C0 /* Frameworks */ = {
			isa = PBXFrameworksBuildPhase;
			buildActionMask = 2147483647;
			files = (
			);
			runOnlyForDeploymentPostprocessing = 0;
		};
/* End PBXFrameworksBuildPhase section */

/* Begin PBXGroup section */
		02FC53BE206091A1005368C0 = {
			isa = PBXGroup;
			children = (
				02FC53C9206091A1005368C0 /* HexGrid */,
				02FC53DE206091A2005368C0 /* HexGridTests */,
				02FC53E9206091A2005368C0 /* HexGridUITests */,
				02FC53C8206091A1005368C0 /* Products */,
			);
			sourceTree = "<group>";
		};
		02FC53C8206091A1005368C0 /* Products */ = {
			isa = PBXGroup;
			children = (
				02FC53C7206091A1005368C0 /* HexGrid.app */,
				02FC53DB206091A2005368C0 /* HexGridTests.xctest */,
				02FC53E6206091A2005368C0 /* HexGridUITests.xctest */,
			);
			name = Products;
			sourceTree = "<group>";
		};
		02FC53C9206091A1005368C0 /* HexGrid */ = {
			isa = PBXGroup;
			children = (
				02FC53CA206091A1005368C0 /* AppDelegate.swift */,
				02FC53CC206091A1005368C0 /* ViewController.swift */,
				02FC53CE206091A1005368C0 /* Main.storyboard */,
				02FC53D1206091A1005368C0 /* Assets.xcassets */,
				02FC53D3206091A1005368C0 /* LaunchScreen.storyboard */,
				02FC53D6206091A1005368C0 /* Info.plist */,
			);
			path = HexGrid;
			sourceTree = "<group>";
		};
		02FC53DE206091A2005368C0 /* HexGridTests */ = {
			isa = PBXGroup;
			children = (
				02FC53DF206091A2005368C0 /* HexGridTests.swift */,
				02FC53E1206091A2005368C0 /* Info.plist */,
			);
			path = HexGridTests;
			sourceTree = "<group>";
		};
		02FC53E9206091A2005368C0 /* HexGridUITests */ = {
			isa = PBXGroup;
			children = (
				02FC53EA206091A2005368C0 /* HexGridUITests.swift */,
				02FC53EC206091A2005368C0 /* Info.plist */,
			);
			path = HexGridUITests;
			sourceTree = "<group>";
		};
/* End PBXGroup section */

/* Begin PBXNativeTarget section */
		02FC53C6206091A1005368C0 /* HexGrid */ = {
			isa = PBXNativeTarget;
			buildConfigurationList = 02FC53EF206091A2005368C0 /* Build configuration list for PBXNativeTarget "HexGrid" */;
			buildPhases = (
				02FC53C3206091A1005368C0 /* Sources */,
				02FC53C4206091A1005368C0 /* Frameworks */,
				02FC53C5206091A1005368C0 /* Resources */,
			);
			buildRules = (
			);
			dependencies = (
			);
			name = HexGrid;
			productName = HexGrid;
			productReference = 02FC53C7206091A1005368C0 /* HexGrid.app */;
			productType = "com.apple.product-type.application";
		};
		02FC53DA206091A2005368C0 /* HexGridTests */ = {
			isa = PBXNativeTarget;
			buildConfigurationList = 02FC53F2206091A2005368C0 /* Build configuration list for PBXNativeTarget "HexGridTests" */;
			buildPhases = (
				02FC53D7206091A2005368C0 /* Sources */,
				02FC53D8206091A2005368C0 /* Frameworks */,
				02FC53D9206091A2005368C0 /* Resources */,
			);
			buildRules = (
			);
			dependencies = (
				02FC53DD206091A2005368C0 /* PBXTargetDependency */,
			);
			name = HexGridTests;
			productName = HexGridTests;
			productReference = 02FC53DB206091A2005368C0 /* HexGridTests.xctest */;
			productType = "com.apple.product-type.bundle.unit-test";
		};
		02FC53E5206091A2005368C0 /* HexGridUITests */ = {
			isa = PBXNativeTarget;
			buildConfigurationList = 02FC53F5206091A2005368C0 /* Build configuration list for PBXNativeTarget "HexGridUITests" */;
			buildPhases = (
				02FC53E2206091A2005368C0 /* Sources */,
				02FC53E3206091A2005368C0 /* Frameworks */,
				02FC53E4206091A2005368C0 /* Resources */,
			);
			buildRules = (
			);
			dependencies = (
				02FC53E8206091A2005368C0 /* PBXTargetDependency */,
			);
			name = HexGridUITests;
			productName = HexGridUITests;
			productReference = 02FC53E6206091A2005368C0 /* HexGridUITests.xctest */;
			productType = "com.apple.product-type.bundle.ui-testing";
		};
/* End PBXNativeTarget section */

/* Begin PBXProject section */
		02FC53BF206091A1005368C0 /* Project object */ = {
			isa = PBXProject;
			attributes = {
				LastSwiftUpdateCheck = 0920;
				LastUpgradeCheck = 0920;
				ORGANIZATIONNAME = "Tobin Schwaiger-Hastanan";
				TargetAttributes = {
					02FC53C6206091A1005368C0 = {
						CreatedOnToolsVersion = 9.2;
						ProvisioningStyle = Automatic;
					};
					02FC53DA206091A2005368C0 = {
						CreatedOnToolsVersion = 9.2;
						ProvisioningStyle = Automatic;
						TestTargetID = 02FC53C6206091A1005368C0;
					};
					02FC53E5206091A2005368C0 = {
						CreatedOnToolsVersion = 9.2;
						ProvisioningStyle = Automatic;
						TestTargetID = 02FC53C6206091A1005368C0;
					};
				};
			};
			buildConfigurationList = 02FC53C2206091A1005368C0 /* Build configuration list for PBXProject "HexGrid" */;
			compatibilityVersion = "Xcode 8.0";
			developmentRegion = en;
			hasScannedForEncodings = 0;
			knownRegions = (
				en,
				Base,
			);
			mainGroup = 02FC53BE206091A1005368C0;
			productRefGroup = 02FC53C8206091A1005368C0 /* Products */;
			projectDirPath = "";
			projectRoot = "";
			targets = (
				02FC53C6206091A1005368C0 /* HexGrid */,
				02FC53DA206091A2005368C0 /* HexGridTests */,
				02FC53E5206091A2005368C0 /* HexGridUITests */,
			);
		};
/* End PBXProject section */

/* Begin PBXResourcesBuildPhase section */
		02FC53C5206091A1005368C0 /* Resources */ = {
			isa = PBXResourcesBuildPhase;
			buildActionMask = 2147483647;
			files = (
				02FC53D5206091A1005368C0 /* LaunchScreen.storyboard in Resources */,
				02FC53D2206091A1005368C0 /* Assets.xcassets in Resources */,
				02FC53D0206091A1005368C0 /* Main.storyboard in Resources */,
			);
			runOnlyForDeploymentPostprocessing = 0;
		};
		02FC53D9206091A2005368C0 /* Resources */ = {
			isa = PBXResourcesBuildPhase;
			buildActionMask = 2147483647;
			files = (
			);
			runOnlyForDeploymentPostprocessing = 0;
		};
		02FC53E4206091A2005368C0 /* Resources */ = {
			isa = PBXResourcesBuildPhase;
			buildActionMask = 2147483647;
			files = (
			);
			runOnlyForDeploymentPostprocessing = 0;
		};
/* End PBXResourcesBuildPhase section */

/* Begin PBXSourcesBuildPhase section */
		02FC53C3206091A1005368C0 /* Sources */ = {
			isa = PBXSourcesBuildPhase;
			buildActionMask = 2147483647;
			files = (
				02FC53CD206091A1005368C0 /* ViewController.swift in Sources */,
				02FC53CB206091A1005368C0 /* AppDelegate.swift in Sources */,
			);
			runOnlyForDeploymentPostprocessing = 0;
		};
		02FC53D7206091A2005368C0 /* Sources */ = {
			isa = PBXSourcesBuildPhase;
			buildActionMask = 2147483647;
			files = (
				02FC53E0206091A2005368C0 /* HexGridTests.swift in Sources */,
			);
			runOnlyForDeploymentPostprocessing = 0;
		};
		02FC53E2206091A2005368C0 /* Sources */ = {
			isa = PBXSourcesBuildPhase;
			buildActionMask = 2147483647;
			files = (
				02FC53EB206091A2005368C0 /* HexGridUITests.swift in Sources */,
			);
			runOnlyForDeploymentPostprocessing = 0;
		};
/* End PBXSourcesBuildPhase section */

/* Begin PBXTargetDependency section */
		02FC53DD206091A2005368C0 /* PBXTargetDependency */ = {
			isa = PBXTargetDependency;
			target = 02FC53C6206091A1005368C0 /* HexGrid */;
			targetProxy = 02FC53DC206091A2005368C0 /* PBXContainerItemProxy */;
		};
		02FC53E8206091A2005368C0 /* PBXTargetDependency */ = {
			isa = PBXTargetDependency;
			target = 02FC53C6206091A1005368C0 /* HexGrid */;
			targetProxy = 02FC53E7206091A2005368C0 /* PBXContainerItemProxy */;
		};
/* End PBXTargetDependency section */

/* Begin PBXVariantGroup section */
		02FC53CE206091A1005368C0 /* Main.storyboard */ = {
			isa = PBXVariantGroup;
			children = (
				02FC53CF206091A1005368C0 /* Base */,
			);
			name = Main.storyboard;
			sourceTree = "<group>";
		};
		02FC53D3206091A1005368C0 /* LaunchScreen.storyboard */ = {
			isa = PBXVariantGroup;
			children = (
				02FC53D4206091A1005368C0 /* Base */,
			);
			name = LaunchScreen.storyboard;
			sourceTree = "<group>";
		};
/* End PBXVariantGroup section */

/* Begin XCBuildConfiguration section */
		02FC53ED206091A2005368C0 /* Debug */ = {
			isa = XCBuildConfiguration;
			buildSettings = {
				ALWAYS_SEARCH_USER_PATHS = NO;
				CLANG_ANALYZER_NONNULL = YES;
				CLANG_ANALYZER_NUMBER_OBJECT_CONVERSION = YES_AGGRESSIVE;
				CLANG_CXX_LANGUAGE_STANDARD = "gnu++14";
				CLANG_CXX_LIBRARY = "libc++";
				CLANG_ENABLE_MODULES = YES;
				CLANG_ENABLE_OBJC_ARC = YES;
				CLANG_WARN_BLOCK_CAPTURE_AUTORELEASING = YES;
				CLANG_WARN_BOOL_CONVERSION = YES;
				CLANG_WARN_COMMA = YES;
				CLANG_WARN_CONSTANT_CONVERSION = YES;
				CLANG_WARN_DIRECT_OBJC_ISA_USAGE = YES_ERROR;
				CLANG_WARN_DOCUMENTATION_COMMENTS = YES;
				CLANG_WARN_EMPTY_BODY = YES;
				CLANG_WARN_ENUM_CONVERSION = YES;
				CLANG_WARN_INFINITE_RECURSION = YES;
				CLANG_WARN_INT_CONVERSION = YES;
				CLANG_WARN_NON_LITERAL_NULL_CONVERSION = YES;
				CLANG_WARN_OBJC_LITERAL_CONVERSION = YES;
				CLANG_WARN_OBJC_ROOT_CLASS = YES_ERROR;
				CLANG_WARN_RANGE_LOOP_ANALYSIS = YES;
				CLANG_WARN_STRICT_PROTOTYPES = YES;
				CLANG_WARN_SUSPICIOUS_MOVE = YES;
				CLANG_WARN_UNGUARDED_AVAILABILITY = YES_AGGRESSIVE;
				CLANG_WARN_UNREACHABLE_CODE = YES;
				CLANG_WARN__DUPLICATE_METHOD_MATCH = YES;
				CODE_SIGN_IDENTITY = "iPhone Developer";
				COPY_PHASE_STRIP = NO;
				DEBUG_INFORMATION_FORMAT = dwarf;
				ENABLE_STRICT_OBJC_MSGSEND = YES;
				ENABLE_TESTABILITY = YES;
				GCC_C_LANGUAGE_STANDARD = gnu11;
				GCC_DYNAMIC_NO_PIC = NO;
				GCC_NO_COMMON_BLOCKS = YES;
				GCC_OPTIMIZATION_LEVEL = 0;
				GCC_PREPROCESSOR_DEFINITIONS = (
					"DEBUG=1",
					"$(inherited)",
				);
				GCC_WARN_64_TO_32_BIT_CONVERSION = YES;
				GCC_WARN_ABOUT_RETURN_TYPE = YES_ERROR;
				GCC_WARN_UNDECLARED_SELECTOR = YES;
				GCC_WARN_UNINITIALIZED_AUTOS = YES_AGGRESSIVE;
				GCC_WARN_UNUSED_FUNCTION = YES;
				GCC_WARN_UNUSED_VARIABLE = YES;
				IPHONEOS_DEPLOYMENT_TARGET = 11.2;
				MTL_ENABLE_DEBUG_INFO = YES;
				ONLY_ACTIVE_ARCH = YES;
				SDKROOT = iphoneos;
				SWIFT_ACTIVE_COMPILATION_CONDITIONS = DEBUG;
				SWIFT_OPTIMIZATION_LEVEL = "-Onone";
			};
			name = Debug;
		};
		02FC53EE206091A2005368C0 /* Release */ = {
			isa = XCBuildConfiguration;
			buildSettings = {
				ALWAYS_SEARCH_USER_PATHS = NO;
				CLANG_ANALYZER_NONNULL = YES;
				CLANG_ANALYZER_NUMBER_OBJECT_CONVERSION = YES_AGGRESSIVE;
				CLANG_CXX_LANGUAGE_STANDARD = "gnu++14";
				CLANG_CXX_LIBRARY = "libc++";
				CLANG_ENABLE_MODULES = YES;
				CLANG_ENABLE_OBJC_ARC = YES;
				CLANG_WARN_BLOCK_CAPTURE_AUTORELEASING = YES;
				CLANG_WARN_BOOL_CONVERSION = YES;
				CLANG_WARN_COMMA = YES;
				CLANG_WARN_CONSTANT_CONVERSION = YES;
				CLANG_WARN_DIRECT_OBJC_ISA_USAGE = YES_ERROR;
				CLANG_WARN_DOCUMENTATION_COMMENTS = YES;
				CLANG_WARN_EMPTY_BODY = YES;
				CLANG_WARN_ENUM_CONVERSION = YES;
				CLANG_WARN_INFINITE_RECURSION = YES;
				CLANG_WARN_INT_CONVERSION = YES;
				CLANG_WARN_NON_LITERAL_NULL_CONVERSION = YES;
				CLANG_WARN_OBJC_LITERAL_CONVERSION = YES;
				CLANG_WARN_OBJC_ROOT_CLASS = YES_ERROR;
				CLANG_WARN_RANGE_LOOP_ANALYSIS = YES;
				CLANG_WARN_STRICT_PROTOTYPES = YES;
				CLANG_WARN_SUSPICIOUS_MOVE = YES;
				CLANG_WARN_UNGUARDED_AVAILABILITY = YES_AGGRESSIVE;
				CLANG_WARN_UNREACHABLE_CODE = YES;
				CLANG_WARN__DUPLICATE_METHOD_MATCH = YES;
				CODE_SIGN_IDENTITY = "iPhone Developer";
				COPY_PHASE_STRIP = NO;
				DEBUG_INFORMATION_FORMAT = "dwarf-with-dsym";
				ENABLE_NS_ASSERTIONS = NO;
				ENABLE_STRICT_OBJC_MSGSEND = YES;
				GCC_C_LANGUAGE_STANDARD = gnu11;
				GCC_NO_COMMON_BLOCKS = YES;
				GCC_WARN_64_TO_32_BIT_CONVERSION = YES;
				GCC_WARN_ABOUT_RETURN_TYPE = YES_ERROR;
				GCC_WARN_UNDECLARED_SELECTOR = YES;
				GCC_WARN_UNINITIALIZED_AUTOS = YES_AGGRESSIVE;
				GCC_WARN_UNUSED_FUNCTION = YES;
				GCC_WARN_UNUSED_VARIABLE = YES;
				IPHONEOS_DEPLOYMENT_TARGET = 11.2;
				MTL_ENABLE_DEBUG_INFO = NO;
				SDKROOT = iphoneos;
				SWIFT_OPTIMIZATION_LEVEL = "-Owholemodule";
				VALIDATE_PRODUCT = YES;
			};
			name = Release;
		};
		02FC53F0206091A2005368C0 /* Debug */ = {
			isa = XCBuildConfiguration;
			buildSettings = {
				ASSETCATALOG_COMPILER_APPICON_NAME = AppIcon;
				CODE_SIGN_STYLE = Automatic;
				DEVELOPMENT_TEAM = 7LNU5FWV6W;
				INFOPLIST_FILE = HexGrid/Info.plist;
				LD_RUNPATH_SEARCH_PATHS = "$(inherited) @executable_path/Frameworks";
				PRODUCT_BUNDLE_IDENTIFIER = tob.in.HexGrid;
				PRODUCT_NAME = "$(TARGET_NAME)";
				SWIFT_VERSION = 4.0;
				TARGETED_DEVICE_FAMILY = "1,2";
			};
			name = Debug;
		};
		02FC53F1206091A2005368C0 /* Release */ = {
			isa = XCBuildConfiguration;
			buildSettings = {
				ASSETCATALOG_COMPILER_APPICON_NAME = AppIcon;
				CODE_SIGN_STYLE = Automatic;
				DEVELOPMENT_TEAM = 7LNU5FWV6W;
				INFOPLIST_FILE = HexGrid/Info.plist;
				LD_RUNPATH_SEARCH_PATHS = "$(inherited) @executable_path/Frameworks";
				PRODUCT_BUNDLE_IDENTIFIER = tob.in.HexGrid;
				PRODUCT_NAME = "$(TARGET_NAME)";
				SWIFT_VERSION = 4.0;
				TARGETED_DEVICE_FAMILY = "1,2";
			};
			name = Release;
		};
		02FC53F3206091A2005368C0 /* Debug */ = {
			isa = XCBuildConfiguration;
			buildSettings = {
				ALWAYS_EMBED_SWIFT_STANDARD_LIBRARIES = YES;
				BUNDLE_LOADER = "$(TEST_HOST)";
				CODE_SIGN_STYLE = Automatic;
				DEVELOPMENT_TEAM = 7LNU5FWV6W;
				INFOPLIST_FILE = HexGridTests/Info.plist;
				LD_RUNPATH_SEARCH_PATHS = "$(inherited) @executable_path/Frameworks @loader_path/Frameworks";
				PRODUCT_BUNDLE_IDENTIFIER = tob.in.HexGridTests;
				PRODUCT_NAME = "$(TARGET_NAME)";
				SWIFT_VERSION = 4.0;
				TARGETED_DEVICE_FAMILY = "1,2";
				TEST_HOST = "$(BUILT_PRODUCTS_DIR)/HexGrid.app/HexGrid";
			};
			name = Debug;
		};
		02FC53F4206091A2005368C0 /* Release */ = {
			isa = XCBuildConfiguration;
			buildSettings = {
				ALWAYS_EMBED_SWIFT_STANDARD_LIBRARIES = YES;
				BUNDLE_LOADER = "$(TEST_HOST)";
				CODE_SIGN_STYLE = Automatic;
				DEVELOPMENT_TEAM = 7LNU5FWV6W;
				INFOPLIST_FILE = HexGridTests/Info.plist;
				LD_RUNPATH_SEARCH_PATHS = "$(inherited) @executable_path/Frameworks @loader_path/Frameworks";
				PRODUCT_BUNDLE_IDENTIFIER = tob.in.HexGridTests;
				PRODUCT_NAME = "$(TARGET_NAME)";
				SWIFT_VERSION = 4.0;
				TARGETED_DEVICE_FAMILY = "1,2";
				TEST_HOST = "$(BUILT_PRODUCTS_DIR)/HexGrid.app/HexGrid";
			};
			name = Release;
		};
		02FC53F6206091A2005368C0 /* Debug */ = {
			isa = XCBuildConfiguration;
			buildSettings = {
				ALWAYS_EMBED_SWIFT_STANDARD_LIBRARIES = YES;
				CODE_SIGN_STYLE = Automatic;
				DEVELOPMENT_TEAM = 7LNU5FWV6W;
				INFOPLIST_FILE = HexGridUITests/Info.plist;
				LD_RUNPATH_SEARCH_PATHS = "$(inherited) @executable_path/Frameworks @loader_path/Frameworks";
				PRODUCT_BUNDLE_IDENTIFIER = tob.in.HexGridUITests;
				PRODUCT_NAME = "$(TARGET_NAME)";
				SWIFT_VERSION = 4.0;
				TARGETED_DEVICE_FAMILY = "1,2";
				TEST_TARGET_NAME = HexGrid;
			};
			name = Debug;
		};
		02FC53F7206091A2005368C0 /* Release */ = {
			isa = XCBuildConfiguration;
			buildSettings = {
				ALWAYS_EMBED_SWIFT_STANDARD_LIBRARIES = YES;
				CODE_SIGN_STYLE = Automatic;
				DEVELOPMENT_TEAM = 7LNU5FWV6W;
				INFOPLIST_FILE = HexGridUITests/Info.plist;
				LD_RUNPATH_SEARCH_PATHS = "$(inherited) @executable_path/Frameworks @loader_path/Frameworks";
				PRODUCT_BUNDLE_IDENTIFIER = tob.in.HexGridUITests;
				PRODUCT_NAME = "$(TARGET_NAME)";
				SWIFT_VERSION = 4.0;
				TARGETED_DEVICE_FAMILY = "1,2";
				TEST_TARGET_NAME = HexGrid;
			};
			name = Release;
		};
/* End XCBuildConfiguration section */

/* Begin XCConfigurationList section */
		02FC53C2206091A1005368C0 /* Build configuration list for PBXProject "HexGrid" */ = {
			isa = XCConfigurationList;
			buildConfigurations = (
				02FC53ED206091A2005368C0 /* Debug */,
				02FC53EE206091A2005368C0 /* Release */,
			);
			defaultConfigurationIsVisible = 0;
			defaultConfigurationName = Release;
		};
		02FC53EF206091A2005368C0 /* Build configuration list for PBXNativeTarget "HexGrid" */ = {
			isa = XCConfigurationList;
			buildConfigurations = (
				02FC53F0206091A2005368C0 /* Debug */,
				02FC53F1206091A2005368C0 /* Release */,
			);
			defaultConfigurationIsVisible = 0;
			defaultConfigurationName = Release;
		};
		02FC53F2206091A2005368C0 /* Build configuration list for PBXNativeTarget "HexGridTests" */ = {
			isa = XCConfigurationList;
			buildConfigurations = (
				02FC53F3206091A2005368C0 /* Debug */,
				02FC53F4206091A2005368C0 /* Release */,
			);
			defaultConfigurationIsVisible = 0;
			defaultConfigurationName = Release;
		};
		02FC53F5206091A2005368C0 /* Build configuration list for PBXNativeTarget "HexGridUITests" */ = {
			isa = XCConfigurationList;
			buildConfigurations = (
				02FC53F6206091A2005368C0 /* Debug */,
				02FC53F7206091A2005368C0 /* Release */,
			);
			defaultConfigurationIsVisible = 0;
			defaultConfigurationName = Release;
		};
/* End XCConfigurationList section */
	};
	rootObject = 02FC53BF206091A1005368C0 /* Project object */;
}
